{
  "version": 4,
  "terraform_version": "1.7.5",
  "serial": 4,
  "lineage": "1f4e0224-4d59-5c2d-053b-2c2e6473d735",
  "outputs": {
    "app_url": {
      "value": "http://localhost:8082",
      "type": "string"
    },
    "container_id": {
      "value": null,
      "type": "string"
    },
    "network_name": {
      "value": "sentiment-ai_cicd-network",
      "type": "string"
    }
  },
  "resources": [
    {
      "mode": "managed",
      "type": "docker_image",
      "name": "sentiment",
      "provider": "provider[\"registry.terraform.io/kreuzwerker/docker\"]",
      "instances": [
        {
          "schema_version": 0,
          "attributes": {
            "build": [],
            "force_remove": null,
            "id": "sha256:93d42f733b057fba316e4d8c8b705b4e653c6f17b4f486544b4854ebb9f73d91sentiment-ai:latest",
            "image_id": "sha256:93d42f733b057fba316e4d8c8b705b4e653c6f17b4f486544b4854ebb9f73d91",
            "keep_locally": true,
            "name": "sentiment-ai:latest",
            "platform": null,
            "pull_triggers": null,
            "repo_digest": "sentiment-ai@sha256:93d42f733b057fba316e4d8c8b705b4e653c6f17b4f486544b4854ebb9f73d91",
            "timeouts": null,
            "triggers": null
          },
          "sensitive_attributes": [],
          "private": "eyJlMmJmYjczMC1lY2FhLTExZTYtOGY4OC0zNDM2M2JjN2M0YzAiOnsiY3JlYXRlIjoxMjAwMDAwMDAwMDAwLCJkZWxldGUiOjEyMDAwMDAwMDAwMDAsInVwZGF0ZSI6MTIwMDAwMDAwMDAwMH19"
        }
      ]
    },
    {
      "mode": "managed",
      "type": "docker_network",
      "name": "cicd",
      "provider": "provider[\"registry.terraform.io/kreuzwerker/docker\"]",
      "instances": [
        {
          "schema_version": 1,
          "attributes": {
            "attachable": false,
            "check_duplicate": null,
            "driver": "bridge",
            "id": "4367f5d6422cfa57f5ab7a2713fec5e634614de97887ee842bf32dd17d89295d",
            "ingress": false,
            "internal": false,
            "ipam_config": [
              {
                "aux_address": {},
                "gateway": "172.19.0.1",
                "ip_range": "",
                "subnet": "172.19.0.0/16"
              }
            ],
            "ipam_driver": "default",
            "ipam_options": {},
            "ipv6": false,
            "labels": [
              {
                "label": "com.docker.compose.config-hash",
                "value": "f65f52ba81f6d8afba0839274ccd574c189bbbfeb83b08f24001f221d1d4d52b"
              },
              {
                "label": "com.docker.compose.network",
                "value": "cicd-network"
              },
              {
                "label": "com.docker.compose.project",
                "value": "sentiment-ai"
              },
              {
                "label": "com.docker.compose.version",
                "value": "5.1.4"
              }
            ],
            "name": "sentiment-ai_cicd-network",
            "options": {
              "com.docker.network.enable_ipv4": "true",
              "com.docker.network.enable_ipv6": "false"
            },
            "scope": "local"
          },
          "sensitive_attributes": [],
          "private": "eyJzY2hlbWFfdmVyc2lvbiI6IjEifQ=="
        }
      ]
    }
  ],
  "check_results": null
}
